
Microsoft Visual Studio Solution File, Format Version 12.00
# Visual Studio Version 17
VisualStudioVersion = 17.7.34024.191
MinimumVisualStudioVersion = 10.0.40219.1
Project("{FAE04EC0-301F-11D3-BF4B-00C04F79EFBC}") = "Deliverable1", "Deliverable1\Deliverable1.csproj", "{A682E34F-E0FD-4D1C-8D30-6F091A3A0B10}"
EndProject
Global
	GlobalSection(SolutionConfigurationPlatforms) = preSolution
		Debug|Any CPU = Debug|Any CPU
		Release|Any CPU = Release|Any CPU
	EndGlobalSection
	GlobalSection(ProjectConfigurationPlatforms) = postSolution
		{A682E34F-E0FD-4D1C-8D30-6F091A3A0B10}.Debug|Any CPU.ActiveCfg = Debug|Any CPU
		{A682E34F-E0FD-4D1C-8D30-6F091A3A0B10}.Debug|Any CPU.Build.0 = Debug|Any CPU
		{A682E34F-E0FD-4D1C-8D30-6F091A3A0B10}.Release|Any CPU.ActiveCfg = Release|Any CPU
		{A682E34F-E0FD-4D1C-8D30-6F091A3A0B10}.Release|Any CPU.Build.0 = Release|Any CPU
	EndGlobalSection
	GlobalSection(SolutionProperties) = preSolution
		HideSolutionNode = FALSE
	EndGlobalSection
	GlobalSection(ExtensibilityGlobals) = postSolution
		SolutionGuid = {998E9262-C37A-4B77-BE75-04C08339157D}
	EndGlobalSection
EndGlobal
